
Microsoft Visual Studio Solution File, Format Version 12.00
# Visual Studio Version 16
VisualStudioVersion = 16.0.30413.136
MinimumVisualStudioVersion = 10.0.40219.1
Project("{FAE04EC0-301F-11D3-BF4B-00C04F79EFBC}") = "FunctionsWeek6", "FunctionsWeek6\FunctionsWeek6.csproj", "{A2B2EFCE-8631-4AC3-8295-23C5D75386C1}"
EndProject
Project("{FAE04EC0-301F-11D3-BF4B-00C04F79EFBC}") = "Params", "Function2\Params.csproj", "{9BC1AFEC-B61A-4DE8-84A8-3EBB1263506E}"
EndProject
Global
	GlobalSection(SolutionConfigurationPlatforms) = preSolution
		Debug|Any CPU = Debug|Any CPU
		Release|Any CPU = Release|Any CPU
	EndGlobalSection
	GlobalSection(ProjectConfigurationPlatforms) = postSolution
		{A2B2EFCE-8631-4AC3-8295-23C5D75386C1}.Debug|Any CPU.ActiveCfg = Debug|Any CPU
		{A2B2EFCE-8631-4AC3-8295-23C5D75386C1}.Debug|Any CPU.Build.0 = Debug|Any CPU
		{A2B2EFCE-8631-4AC3-8295-23C5D75386C1}.Release|Any CPU.ActiveCfg = Release|Any CPU
		{A2B2EFCE-8631-4AC3-8295-23C5D75386C1}.Release|Any CPU.Build.0 = Release|Any CPU
		{9BC1AFEC-B61A-4DE8-84A8-3EBB1263506E}.Debug|Any CPU.ActiveCfg = Debug|Any CPU
		{9BC1AFEC-B61A-4DE8-84A8-3EBB1263506E}.Debug|Any CPU.Build.0 = Debug|Any CPU
		{9BC1AFEC-B61A-4DE8-84A8-3EBB1263506E}.Release|Any CPU.ActiveCfg = Release|Any CPU
		{9BC1AFEC-B61A-4DE8-84A8-3EBB1263506E}.Release|Any CPU.Build.0 = Release|Any CPU
	EndGlobalSection
	GlobalSection(SolutionProperties) = preSolution
		HideSolutionNode = FALSE
	EndGlobalSection
	GlobalSection(ExtensibilityGlobals) = postSolution
		SolutionGuid = {E444411A-A58F-4A0F-A880-6F8B5F507912}
	EndGlobalSection
EndGlobal
